{
  "name": "img-compressor",
  "lockfileVersion": 2,
  "requires": true,
  "packages": {
    "": {
      "dependencies": {
        "front-end-min": "^1.0.1"
      }
    },
    "node_modules/front-end-min": {
      "version": "1.0.1",
      "resolved": "https://registry.npmjs.org/front-end-min/-/front-end-min-1.0.1.tgz",
      "integrity": "sha512-gQPMH2nLUfo9p3NA0y68LQtyuTzhp6sqrcHm346KalO8+N7lEZRQdVPDsYkh3jfQhHSOQOsIDqTdT7/CH2BVxA=="
    }
  },
  "dependencies": {
    "front-end-min": {
      "version": "1.0.1",
      "resolved": "https://registry.npmjs.org/front-end-min/-/front-end-min-1.0.1.tgz",
      "integrity": "sha512-gQPMH2nLUfo9p3NA0y68LQtyuTzhp6sqrcHm346KalO8+N7lEZRQdVPDsYkh3jfQhHSOQOsIDqTdT7/CH2BVxA=="
    }
  }
}
